
Microsoft Visual Studio Solution File, Format Version 12.00
# Visual Studio Version 17
VisualStudioVersion = 17.5.33627.172
MinimumVisualStudioVersion = 10.0.40219.1
Project("{FAE04EC0-301F-11D3-BF4B-00C04F79EFBC}") = "Optical", "Optical\Optical.csproj", "{2AF5EB97-161A-47D0-96DC-F3B13680E910}"
EndProject
Global
	GlobalSection(SolutionConfigurationPlatforms) = preSolution
		Debug|Any CPU = Debug|Any CPU
		Release|Any CPU = Release|Any CPU
	EndGlobalSection
	GlobalSection(ProjectConfigurationPlatforms) = postSolution
		{2AF5EB97-161A-47D0-96DC-F3B13680E910}.Debug|Any CPU.ActiveCfg = Debug|Any CPU
		{2AF5EB97-161A-47D0-96DC-F3B13680E910}.Debug|Any CPU.Build.0 = Debug|Any CPU
		{2AF5EB97-161A-47D0-96DC-F3B13680E910}.Release|Any CPU.ActiveCfg = Release|Any CPU
		{2AF5EB97-161A-47D0-96DC-F3B13680E910}.Release|Any CPU.Build.0 = Release|Any CPU
	EndGlobalSection
	GlobalSection(SolutionProperties) = preSolution
		HideSolutionNode = FALSE
	EndGlobalSection
	GlobalSection(ExtensibilityGlobals) = postSolution
		SolutionGuid = {7A22C04C-0A19-4E60-B8D3-13835715A129}
	EndGlobalSection
EndGlobal
